// !$*UTF8*$!
{
	archiveVersion = 1;
	classes = {
	};
	objectVersion = 70;
	objects = {

/* Begin PBXBuildFile section */
		79880DB62D06775D002B418A /* Localizable.strings in Resources */ = {isa = PBXBuildFile; fileRef = 79880DB42D06775D002B418A /* Localizable.strings */; };
		79880DBA2D067AAF002B418A /* SnapKit in Frameworks */ = {isa = PBXBuildFile; productRef = 79880DB92D067AAF002B418A /* SnapKit */; };
		79880DC22D06934B002B418A /* DetailedTaskPresenter.swift in Sources */ = {isa = PBXBuildFile; fileRef = 79880DBD2D06934B002B418A /* DetailedTaskPresenter.swift */; };
		79880DC32D06934B002B418A /* DetailedTaskViewController.swift in Sources */ = {isa = PBXBuildFile; fileRef = 79880DBF2D06934B002B418A /* DetailedTaskViewController.swift */; };
		79880DC42D06934B002B418A /* DetailedTaskConfigurator.swift in Sources */ = {isa = PBXBuildFile; fileRef = 79880DBB2D06934B002B418A /* DetailedTaskConfigurator.swift */; };
		A53798602CF60572001D5DA0 /* TaskTableViewCell.swift in Sources */ = {isa = PBXBuildFile; fileRef = A537985F2CF60572001D5DA0 /* TaskTableViewCell.swift */; };
		A53798842CFBB877001D5DA0 /* CoreDataManager.swift in Sources */ = {isa = PBXBuildFile; fileRef = A53798832CFBB877001D5DA0 /* CoreDataManager.swift */; };
		A53798882CFBD58A001D5DA0 /* TaskEntity+CoreDataProperties.swift in Sources */ = {isa = PBXBuildFile; fileRef = A53798862CFBD58A001D5DA0 /* TaskEntity+CoreDataProperties.swift */; };
		A5571F0D2CF4A88100191210 /* ToDoList.xcdatamodeld in Sources */ = {isa = PBXBuildFile; fileRef = A5571F0B2CF4A88100191210 /* ToDoList.xcdatamodeld */; };
		A5571F0F2CF4A88400191210 /* Assets.xcassets in Resources */ = {isa = PBXBuildFile; fileRef = A5571F0E2CF4A88400191210 /* Assets.xcassets */; };
		A5571F3D2CF4AEF600191210 /* ToDoListViewController.swift in Sources */ = {isa = PBXBuildFile; fileRef = A5571F3C2CF4AEF600191210 /* ToDoListViewController.swift */; };
		A5571F3F2CF4AF3900191210 /* ToDoListInteractor.swift in Sources */ = {isa = PBXBuildFile; fileRef = A5571F3E2CF4AF3900191210 /* ToDoListInteractor.swift */; };
		A5571F412CF4AF9B00191210 /* ToDoListPresenter.swift in Sources */ = {isa = PBXBuildFile; fileRef = A5571F402CF4AF9B00191210 /* ToDoListPresenter.swift */; };
		A5571F442CF4B02900191210 /* TaskModel.swift in Sources */ = {isa = PBXBuildFile; fileRef = A5571F432CF4B02900191210 /* TaskModel.swift */; };
		A5571F462CF4B04200191210 /* ToDoListRouter.swift in Sources */ = {isa = PBXBuildFile; fileRef = A5571F452CF4B04200191210 /* ToDoListRouter.swift */; };
		A5571F482CF4B0D100191210 /* ToDoListConfigurator.swift in Sources */ = {isa = PBXBuildFile; fileRef = A5571F472CF4B0D100191210 /* ToDoListConfigurator.swift */; };
		A5571F532CF4B9CF00191210 /* ToDoService.swift in Sources */ = {isa = PBXBuildFile; fileRef = A5571F522CF4B9CF00191210 /* ToDoService.swift */; };
		A5571F552CF4BA4000191210 /* Constants.swift in Sources */ = {isa = PBXBuildFile; fileRef = A5571F542CF4BA4000191210 /* Constants.swift */; };
/* End PBXBuildFile section */

/* Begin PBXFileReference section */
		79880DB52D06775D002B418A /* ru */ = {isa = PBXFileReference; lastKnownFileType = text.plist.strings; name = ru; path = ru.lproj/Localizable.strings; sourceTree = "<group>"; };
		79880DB72D06776C002B418A /* en */ = {isa = PBXFileReference; lastKnownFileType = text.plist.strings; name = en; path = en.lproj/Localizable.strings; sourceTree = "<group>"; };
		79880DBB2D06934B002B418A /* DetailedTaskConfigurator.swift */ = {isa = PBXFileReference; lastKnownFileType = sourcecode.swift; path = DetailedTaskConfigurator.swift; sourceTree = "<group>"; };
		79880DBD2D06934B002B418A /* DetailedTaskPresenter.swift */ = {isa = PBXFileReference; lastKnownFileType = sourcecode.swift; path = DetailedTaskPresenter.swift; sourceTree = "<group>"; };
		79880DBF2D06934B002B418A /* DetailedTaskViewController.swift */ = {isa = PBXFileReference; lastKnownFileType = sourcecode.swift; path = DetailedTaskViewController.swift; sourceTree = "<group>"; };
		A537985F2CF60572001D5DA0 /* TaskTableViewCell.swift */ = {isa = PBXFileReference; lastKnownFileType = sourcecode.swift; path = TaskTableViewCell.swift; sourceTree = "<group>"; };
		A53798832CFBB877001D5DA0 /* CoreDataManager.swift */ = {isa = PBXFileReference; lastKnownFileType = sourcecode.swift; path = CoreDataManager.swift; sourceTree = "<group>"; };
		A53798862CFBD58A001D5DA0 /* TaskEntity+CoreDataProperties.swift */ = {isa = PBXFileReference; lastKnownFileType = sourcecode.swift; name = "TaskEntity+CoreDataProperties.swift"; path = "ToDoList/TaskEntity+CoreDataProperties.swift"; sourceTree = "<group>"; };
		A5571EFF2CF4A88100191210 /* ToDoList.app */ = {isa = PBXFileReference; explicitFileType = wrapper.application; includeInIndex = 0; path = ToDoList.app; sourceTree = BUILT_PRODUCTS_DIR; };
		A5571F0C2CF4A88100191210 /* ToDoList.xcdatamodel */ = {isa = PBXFileReference; lastKnownFileType = wrapper.xcdatamodel; path = ToDoList.xcdatamodel; sourceTree = "<group>"; };
		A5571F0E2CF4A88400191210 /* Assets.xcassets */ = {isa = PBXFileReference; lastKnownFileType = folder.assetcatalog; path = Assets.xcassets; sourceTree = "<group>"; };
		A5571F132CF4A88400191210 /* Info.plist */ = {isa = PBXFileReference; lastKnownFileType = text.plist.xml; path = Info.plist; sourceTree = "<group>"; };
		A5571F3C2CF4AEF600191210 /* ToDoListViewController.swift */ = {isa = PBXFileReference; lastKnownFileType = sourcecode.swift; path = ToDoListViewController.swift; sourceTree = "<group>"; };
		A5571F3E2CF4AF3900191210 /* ToDoListInteractor.swift */ = {isa = PBXFileReference; lastKnownFileType = sourcecode.swift; path = ToDoListInteractor.swift; sourceTree = "<group>"; };
		A5571F402CF4AF9B00191210 /* ToDoListPresenter.swift */ = {isa = PBXFileReference; lastKnownFileType = sourcecode.swift; path = ToDoListPresenter.swift; sourceTree = "<group>"; };
		A5571F432CF4B02900191210 /* TaskModel.swift */ = {isa = PBXFileReference; lastKnownFileType = sourcecode.swift; path = TaskModel.swift; sourceTree = "<group>"; };
		A5571F452CF4B04200191210 /* ToDoListRouter.swift */ = {isa = PBXFileReference; lastKnownFileType = sourcecode.swift; path = ToDoListRouter.swift; sourceTree = "<group>"; };
		A5571F472CF4B0D100191210 /* ToDoListConfigurator.swift */ = {isa = PBXFileReference; lastKnownFileType = sourcecode.swift; path = ToDoListConfigurator.swift; sourceTree = "<group>"; };
		A5571F522CF4B9CF00191210 /* ToDoService.swift */ = {isa = PBXFileReference; lastKnownFileType = sourcecode.swift; path = ToDoService.swift; sourceTree = "<group>"; };
		A5571F542CF4BA4000191210 /* Constants.swift */ = {isa = PBXFileReference; lastKnownFileType = sourcecode.swift; path = Constants.swift; sourceTree = "<group>"; };
/* End PBXFileReference section */

/* Begin PBXFileSystemSynchronizedRootGroup section */
		79880DC52D06B133002B418A /* Support */ = {isa = PBXFileSystemSynchronizedRootGroup; explicitFileTypes = {}; explicitFolders = (); path = Support; sourceTree = "<group>"; };
/* End PBXFileSystemSynchronizedRootGroup section */

/* Begin PBXFrameworksBuildPhase section */
		A5571EFC2CF4A88100191210 /* Frameworks */ = {
			isa = PBXFrameworksBuildPhase;
			buildActionMask = 2147483647;
			files = (
				79880DBA2D067AAF002B418A /* SnapKit in Frameworks */,
			);
			runOnlyForDeploymentPostprocessing = 0;
		};
/* End PBXFrameworksBuildPhase section */

/* Begin PBXGroup section */
		795059CD2D06C35B00FA461F /* Resources */ = {
			isa = PBXGroup;
			children = (
				79880DC72D06B162002B418A /* Helpers */,
				A5571F0E2CF4A88400191210 /* Assets.xcassets */,
				79880DC62D06B146002B418A /* Localizable */,
			);
			path = Resources;
			sourceTree = "<group>";
		};
		79880DBC2D06934B002B418A /* Configurator */ = {
			isa = PBXGroup;
			children = (
				79880DBB2D06934B002B418A /* DetailedTaskConfigurator.swift */,
			);
			path = Configurator;
			sourceTree = "<group>";
		};
		79880DBE2D06934B002B418A /* Presenter */ = {
			isa = PBXGroup;
			children = (
				79880DBD2D06934B002B418A /* DetailedTaskPresenter.swift */,
			);
			path = Presenter;
			sourceTree = "<group>";
		};
		79880DC02D06934B002B418A /* View */ = {
			isa = PBXGroup;
			children = (
				79880DBF2D06934B002B418A /* DetailedTaskViewController.swift */,
			);
			path = View;
			sourceTree = "<group>";
		};
		79880DC12D06934B002B418A /* DetailedTaskScreen */ = {
			isa = PBXGroup;
			children = (
				79880DBC2D06934B002B418A /* Configurator */,
				79880DBE2D06934B002B418A /* Presenter */,
				79880DC02D06934B002B418A /* View */,
			);
			path = DetailedTaskScreen;
			sourceTree = "<group>";
		};
		79880DC62D06B146002B418A /* Localizable */ = {
			isa = PBXGroup;
			children = (
				79880DB42D06775D002B418A /* Localizable.strings */,
			);
			path = Localizable;
			sourceTree = "<group>";
		};
		79880DC72D06B162002B418A /* Helpers */ = {
			isa = PBXGroup;
			children = (
				A5571F542CF4BA4000191210 /* Constants.swift */,
			);
			path = Helpers;
			sourceTree = "<group>";
		};
		A5571EF62CF4A88100191210 = {
			isa = PBXGroup;
			children = (
				A53798862CFBD58A001D5DA0 /* TaskEntity+CoreDataProperties.swift */,
				A5571F012CF4A88100191210 /* ToDoList */,
				A5571F002CF4A88100191210 /* Products */,
			);
			sourceTree = "<group>";
		};
		A5571F002CF4A88100191210 /* Products */ = {
			isa = PBXGroup;
			children = (
				A5571EFF2CF4A88100191210 /* ToDoList.app */,
			);
			name = Products;
			sourceTree = "<group>";
		};
		A5571F012CF4A88100191210 /* ToDoList */ = {
			isa = PBXGroup;
			children = (
				A5571F512CF4B8E300191210 /* Managers */,
				A5571F352CF4AD8C00191210 /* ToDoListModule */,
				79880DC12D06934B002B418A /* DetailedTaskScreen */,
				79880DC52D06B133002B418A /* Support */,
				795059CD2D06C35B00FA461F /* Resources */,
				A5571F132CF4A88400191210 /* Info.plist */,
				A5571F0B2CF4A88100191210 /* ToDoList.xcdatamodeld */,
			);
			path = ToDoList;
			sourceTree = "<group>";
		};
		A5571F352CF4AD8C00191210 /* ToDoListModule */ = {
			isa = PBXGroup;
			children = (
				A5571F3B2CF4AE8400191210 /* Configurator */,
				A5571F3A2CF4AE7D00191210 /* Router */,
				A5571F392CF4ADD200191210 /* Entity */,
				A5571F382CF4ADCB00191210 /* Presenter */,
				A5571F372CF4ADBD00191210 /* Interactor */,
				A5571F362CF4ADB500191210 /* View */,
			);
			path = ToDoListModule;
			sourceTree = "<group>";
		};
		A5571F362CF4ADB500191210 /* View */ = {
			isa = PBXGroup;
			children = (
				A5571F3C2CF4AEF600191210 /* ToDoListViewController.swift */,
				A537985F2CF60572001D5DA0 /* TaskTableViewCell.swift */,
			);
			path = View;
			sourceTree = "<group>";
		};
		A5571F372CF4ADBD00191210 /* Interactor */ = {
			isa = PBXGroup;
			children = (
				A5571F3E2CF4AF3900191210 /* ToDoListInteractor.swift */,
			);
			path = Interactor;
			sourceTree = "<group>";
		};
		A5571F382CF4ADCB00191210 /* Presenter */ = {
			isa = PBXGroup;
			children = (
				A5571F402CF4AF9B00191210 /* ToDoListPresenter.swift */,
			);
			path = Presenter;
			sourceTree = "<group>";
		};
		A5571F392CF4ADD200191210 /* Entity */ = {
			isa = PBXGroup;
			children = (
				A5571F432CF4B02900191210 /* TaskModel.swift */,
			);
			path = Entity;
			sourceTree = "<group>";
		};
		A5571F3A2CF4AE7D00191210 /* Router */ = {
			isa = PBXGroup;
			children = (
				A5571F452CF4B04200191210 /* ToDoListRouter.swift */,
			);
			path = Router;
			sourceTree = "<group>";
		};
		A5571F3B2CF4AE8400191210 /* Configurator */ = {
			isa = PBXGroup;
			children = (
				A5571F472CF4B0D100191210 /* ToDoListConfigurator.swift */,
			);
			path = Configurator;
			sourceTree = "<group>";
		};
		A5571F512CF4B8E300191210 /* Managers */ = {
			isa = PBXGroup;
			children = (
				A5571F522CF4B9CF00191210 /* ToDoService.swift */,
				A53798832CFBB877001D5DA0 /* CoreDataManager.swift */,
			);
			path = Managers;
			sourceTree = "<group>";
		};
/* End PBXGroup section */

/* Begin PBXNativeTarget section */
		A5571EFE2CF4A88100191210 /* ToDoList */ = {
			isa = PBXNativeTarget;
			buildConfigurationList = A5571F2C2CF4A88400191210 /* Build configuration list for PBXNativeTarget "ToDoList" */;
			buildPhases = (
				A5571EFB2CF4A88100191210 /* Sources */,
				A5571EFC2CF4A88100191210 /* Frameworks */,
				A5571EFD2CF4A88100191210 /* Resources */,
			);
			buildRules = (
			);
			dependencies = (
			);
			fileSystemSynchronizedGroups = (
				79880DC52D06B133002B418A /* Support */,
			);
			name = ToDoList;
			productName = ToDoList;
			productReference = A5571EFF2CF4A88100191210 /* ToDoList.app */;
			productType = "com.apple.product-type.application";
		};
/* End PBXNativeTarget section */

/* Begin PBXProject section */
		A5571EF72CF4A88100191210 /* Project object */ = {
			isa = PBXProject;
			attributes = {
				BuildIndependentTargetsInParallel = 1;
				LastSwiftUpdateCheck = 1430;
				LastUpgradeCheck = 1430;
				TargetAttributes = {
					A5571EFE2CF4A88100191210 = {
						CreatedOnToolsVersion = 14.3;
					};
				};
			};
			buildConfigurationList = A5571EFA2CF4A88100191210 /* Build configuration list for PBXProject "ToDoList" */;
			compatibilityVersion = "Xcode 14.0";
			developmentRegion = ru;
			hasScannedForEncodings = 0;
			knownRegions = (
				en,
				Base,
				ru,
			);
			mainGroup = A5571EF62CF4A88100191210;
			packageReferences = (
				79880DB82D067AAF002B418A /* XCRemoteSwiftPackageReference "SnapKit" */,
			);
			productRefGroup = A5571F002CF4A88100191210 /* Products */;
			projectDirPath = "";
			projectRoot = "";
			targets = (
				A5571EFE2CF4A88100191210 /* ToDoList */,
			);
		};
/* End PBXProject section */

/* Begin PBXResourcesBuildPhase section */
		A5571EFD2CF4A88100191210 /* Resources */ = {
			isa = PBXResourcesBuildPhase;
			buildActionMask = 2147483647;
			files = (
				79880DB62D06775D002B418A /* Localizable.strings in Resources */,
				A5571F0F2CF4A88400191210 /* Assets.xcassets in Resources */,
			);
			runOnlyForDeploymentPostprocessing = 0;
		};
/* End PBXResourcesBuildPhase section */

/* Begin PBXSourcesBuildPhase section */
		A5571EFB2CF4A88100191210 /* Sources */ = {
			isa = PBXSourcesBuildPhase;
			buildActionMask = 2147483647;
			files = (
				A53798882CFBD58A001D5DA0 /* TaskEntity+CoreDataProperties.swift in Sources */,
				A5571F442CF4B02900191210 /* TaskModel.swift in Sources */,
				A5571F412CF4AF9B00191210 /* ToDoListPresenter.swift in Sources */,
				A5571F552CF4BA4000191210 /* Constants.swift in Sources */,
				A5571F482CF4B0D100191210 /* ToDoListConfigurator.swift in Sources */,
				A53798602CF60572001D5DA0 /* TaskTableViewCell.swift in Sources */,
				A5571F532CF4B9CF00191210 /* ToDoService.swift in Sources */,
				A5571F3D2CF4AEF600191210 /* ToDoListViewController.swift in Sources */,
				A5571F3F2CF4AF3900191210 /* ToDoListInteractor.swift in Sources */,
				79880DC22D06934B002B418A /* DetailedTaskPresenter.swift in Sources */,
				79880DC32D06934B002B418A /* DetailedTaskViewController.swift in Sources */,
				79880DC42D06934B002B418A /* DetailedTaskConfigurator.swift in Sources */,
				A53798842CFBB877001D5DA0 /* CoreDataManager.swift in Sources */,
				A5571F0D2CF4A88100191210 /* ToDoList.xcdatamodeld in Sources */,
				A5571F462CF4B04200191210 /* ToDoListRouter.swift in Sources */,
			);
			runOnlyForDeploymentPostprocessing = 0;
		};
/* End PBXSourcesBuildPhase section */

/* Begin PBXVariantGroup section */
		79880DB42D06775D002B418A /* Localizable.strings */ = {
			isa = PBXVariantGroup;
			children = (
				79880DB52D06775D002B418A /* ru */,
				79880DB72D06776C002B418A /* en */,
			);
			name = Localizable.strings;
			sourceTree = "<group>";
		};
/* End PBXVariantGroup section */

/* Begin XCBuildConfiguration section */
		A5571F2A2CF4A88400191210 /* Debug */ = {
			isa = XCBuildConfiguration;
			buildSettings = {
				ALWAYS_SEARCH_USER_PATHS = NO;
				CLANG_ANALYZER_LOCALIZABILITY_NONLOCALIZED = YES;
				CLANG_ANALYZER_NONNULL = YES;
				CLANG_ANALYZER_NUMBER_OBJECT_CONVERSION = YES_AGGRESSIVE;
				CLANG_CXX_LANGUAGE_STANDARD = "gnu++20";
				CLANG_ENABLE_MODULES = YES;
				CLANG_ENABLE_OBJC_ARC = YES;
				CLANG_ENABLE_OBJC_WEAK = YES;
				CLANG_WARN_BLOCK_CAPTURE_AUTORELEASING = YES;
				CLANG_WARN_BOOL_CONVERSION = YES;
				CLANG_WARN_COMMA = YES;
				CLANG_WARN_CONSTANT_CONVERSION = YES;
				CLANG_WARN_DEPRECATED_OBJC_IMPLEMENTATIONS = YES;
				CLANG_WARN_DIRECT_OBJC_ISA_USAGE = YES_ERROR;
				CLANG_WARN_DOCUMENTATION_COMMENTS = YES;
				CLANG_WARN_EMPTY_BODY = YES;
				CLANG_WARN_ENUM_CONVERSION = YES;
				CLANG_WARN_INFINITE_RECURSION = YES;
				CLANG_WARN_INT_CONVERSION = YES;
				CLANG_WARN_NON_LITERAL_NULL_CONVERSION = YES;
				CLANG_WARN_OBJC_IMPLICIT_RETAIN_SELF = YES;
				CLANG_WARN_OBJC_LITERAL_CONVERSION = YES;
				CLANG_WARN_OBJC_ROOT_CLASS = YES_ERROR;
				CLANG_WARN_QUOTED_INCLUDE_IN_FRAMEWORK_HEADER = YES;
				CLANG_WARN_RANGE_LOOP_ANALYSIS = YES;
				CLANG_WARN_STRICT_PROTOTYPES = YES;
				CLANG_WARN_SUSPICIOUS_MOVE = YES;
				CLANG_WARN_UNGUARDED_AVAILABILITY = YES_AGGRESSIVE;
				CLANG_WARN_UNREACHABLE_CODE = YES;
				CLANG_WARN__DUPLICATE_METHOD_MATCH = YES;
				COPY_PHASE_STRIP = NO;
				DEBUG_INFORMATION_FORMAT = dwarf;
				ENABLE_STRICT_OBJC_MSGSEND = YES;
				ENABLE_TESTABILITY = YES;
				GCC_C_LANGUAGE_STANDARD = gnu11;
				GCC_DYNAMIC_NO_PIC = NO;
				GCC_NO_COMMON_BLOCKS = YES;
				GCC_OPTIMIZATION_LEVEL = 0;
				GCC_PREPROCESSOR_DEFINITIONS = (
					"DEBUG=1",
					"$(inherited)",
				);
				GCC_WARN_64_TO_32_BIT_CONVERSION = YES;
				GCC_WARN_ABOUT_RETURN_TYPE = YES_ERROR;
				GCC_WARN_UNDECLARED_SELECTOR = YES;
				GCC_WARN_UNINITIALIZED_AUTOS = YES_AGGRESSIVE;
				GCC_WARN_UNUSED_FUNCTION = YES;
				GCC_WARN_UNUSED_VARIABLE = YES;
				IPHONEOS_DEPLOYMENT_TARGET = 16.0;
				MTL_ENABLE_DEBUG_INFO = INCLUDE_SOURCE;
				MTL_FAST_MATH = YES;
				ONLY_ACTIVE_ARCH = YES;
				SDKROOT = iphoneos;
				SWIFT_ACTIVE_COMPILATION_CONDITIONS = DEBUG;
				SWIFT_OPTIMIZATION_LEVEL = "-Onone";
			};
			name = Debug;
		};
		A5571F2B2CF4A88400191210 /* Release */ = {
			isa = XCBuildConfiguration;
			buildSettings = {
				ALWAYS_SEARCH_USER_PATHS = NO;
				CLANG_ANALYZER_LOCALIZABILITY_NONLOCALIZED = YES;
				CLANG_ANALYZER_NONNULL = YES;
				CLANG_ANALYZER_NUMBER_OBJECT_CONVERSION = YES_AGGRESSIVE;
				CLANG_CXX_LANGUAGE_STANDARD = "gnu++20";
				CLANG_ENABLE_MODULES = YES;
				CLANG_ENABLE_OBJC_ARC = YES;
				CLANG_ENABLE_OBJC_WEAK = YES;
				CLANG_WARN_BLOCK_CAPTURE_AUTORELEASING = YES;
				CLANG_WARN_BOOL_CONVERSION = YES;
				CLANG_WARN_COMMA = YES;
				CLANG_WARN_CONSTANT_CONVERSION = YES;
				CLANG_WARN_DEPRECATED_OBJC_IMPLEMENTATIONS = YES;
				CLANG_WARN_DIRECT_OBJC_ISA_USAGE = YES_ERROR;
				CLANG_WARN_DOCUMENTATION_COMMENTS = YES;
				CLANG_WARN_EMPTY_BODY = YES;
				CLANG_WARN_ENUM_CONVERSION = YES;
				CLANG_WARN_INFINITE_RECURSION = YES;
				CLANG_WARN_INT_CONVERSION = YES;
				CLANG_WARN_NON_LITERAL_NULL_CONVERSION = YES;
				CLANG_WARN_OBJC_IMPLICIT_RETAIN_SELF = YES;
				CLANG_WARN_OBJC_LITERAL_CONVERSION = YES;
				CLANG_WARN_OBJC_ROOT_CLASS = YES_ERROR;
				CLANG_WARN_QUOTED_INCLUDE_IN_FRAMEWORK_HEADER = YES;
				CLANG_WARN_RANGE_LOOP_ANALYSIS = YES;
				CLANG_WARN_STRICT_PROTOTYPES = YES;
				CLANG_WARN_SUSPICIOUS_MOVE = YES;
				CLANG_WARN_UNGUARDED_AVAILABILITY = YES_AGGRESSIVE;
				CLANG_WARN_UNREACHABLE_CODE = YES;
				CLANG_WARN__DUPLICATE_METHOD_MATCH = YES;
				COPY_PHASE_STRIP = NO;
				DEBUG_INFORMATION_FORMAT = "dwarf-with-dsym";
				ENABLE_NS_ASSERTIONS = NO;
				ENABLE_STRICT_OBJC_MSGSEND = YES;
				GCC_C_LANGUAGE_STANDARD = gnu11;
				GCC_NO_COMMON_BLOCKS = YES;
				GCC_WARN_64_TO_32_BIT_CONVERSION = YES;
				GCC_WARN_ABOUT_RETURN_TYPE = YES_ERROR;
				GCC_WARN_UNDECLARED_SELECTOR = YES;
				GCC_WARN_UNINITIALIZED_AUTOS = YES_AGGRESSIVE;
				GCC_WARN_UNUSED_FUNCTION = YES;
				GCC_WARN_UNUSED_VARIABLE = YES;
				IPHONEOS_DEPLOYMENT_TARGET = 16.0;
				MTL_ENABLE_DEBUG_INFO = NO;
				MTL_FAST_MATH = YES;
				SDKROOT = iphoneos;
				SWIFT_COMPILATION_MODE = wholemodule;
				SWIFT_OPTIMIZATION_LEVEL = "-O";
				VALIDATE_PRODUCT = YES;
			};
			name = Release;
		};
		A5571F2D2CF4A88400191210 /* Debug */ = {
			isa = XCBuildConfiguration;
			buildSettings = {
				ASSETCATALOG_COMPILER_APPICON_NAME = AppIcon;
				ASSETCATALOG_COMPILER_GENERATE_SWIFT_ASSET_SYMBOL_EXTENSIONS = YES;
				ASSETCATALOG_COMPILER_GLOBAL_ACCENT_COLOR_NAME = AccentColor;
				CODE_SIGN_IDENTITY = "Apple Development";
				CODE_SIGN_STYLE = Automatic;
				CURRENT_PROJECT_VERSION = 1;
				DEVELOPMENT_TEAM = 7G57MQDTNS;
				GENERATE_INFOPLIST_FILE = YES;
				INFOPLIST_FILE = ToDoList/Info.plist;
				INFOPLIST_KEY_UIApplicationSupportsIndirectInputEvents = YES;
				INFOPLIST_KEY_UILaunchStoryboardName = LaunchScreen;
				INFOPLIST_KEY_UIStatusBarStyle = "";
				INFOPLIST_KEY_UISupportedInterfaceOrientations = "UIInterfaceOrientationLandscapeLeft UIInterfaceOrientationLandscapeRight UIInterfaceOrientationPortrait UIInterfaceOrientationPortraitUpsideDown";
				INFOPLIST_KEY_UISupportedInterfaceOrientations_iPad = "UIInterfaceOrientationLandscapeLeft UIInterfaceOrientationLandscapeRight UIInterfaceOrientationPortrait";
				IPHONEOS_DEPLOYMENT_TARGET = 16.0;
				LD_RUNPATH_SEARCH_PATHS = (
					"$(inherited)",
					"@executable_path/Frameworks",
				);
				MARKETING_VERSION = 1.0;
				PRODUCT_BUNDLE_IDENTIFIER = com.todo.list.test.zaits;
				PRODUCT_NAME = "$(TARGET_NAME)";
				PROVISIONING_PROFILE_SPECIFIER = "";
				SUPPORTED_PLATFORMS = "iphoneos iphonesimulator";
				SUPPORTS_MACCATALYST = NO;
				SUPPORTS_MAC_DESIGNED_FOR_IPHONE_IPAD = NO;
				SUPPORTS_XR_DESIGNED_FOR_IPHONE_IPAD = NO;
				SWIFT_EMIT_LOC_STRINGS = YES;
				SWIFT_VERSION = 5.0;
				TARGETED_DEVICE_FAMILY = 1;
			};
			name = Debug;
		};
		A5571F2E2CF4A88400191210 /* Release */ = {
			isa = XCBuildConfiguration;
			buildSettings = {
				ASSETCATALOG_COMPILER_APPICON_NAME = AppIcon;
				ASSETCATALOG_COMPILER_GENERATE_SWIFT_ASSET_SYMBOL_EXTENSIONS = YES;
				ASSETCATALOG_COMPILER_GLOBAL_ACCENT_COLOR_NAME = AccentColor;
				CODE_SIGN_IDENTITY = "Apple Development";
				CODE_SIGN_STYLE = Automatic;
				CURRENT_PROJECT_VERSION = 1;
				DEVELOPMENT_TEAM = 7G57MQDTNS;
				GENERATE_INFOPLIST_FILE = YES;
				INFOPLIST_FILE = ToDoList/Info.plist;
				INFOPLIST_KEY_UIApplicationSupportsIndirectInputEvents = YES;
				INFOPLIST_KEY_UILaunchStoryboardName = LaunchScreen;
				INFOPLIST_KEY_UIStatusBarStyle = "";
				INFOPLIST_KEY_UISupportedInterfaceOrientations = "UIInterfaceOrientationLandscapeLeft UIInterfaceOrientationLandscapeRight UIInterfaceOrientationPortrait UIInterfaceOrientationPortraitUpsideDown";
				INFOPLIST_KEY_UISupportedInterfaceOrientations_iPad = "UIInterfaceOrientationLandscapeLeft UIInterfaceOrientationLandscapeRight UIInterfaceOrientationPortrait";
				IPHONEOS_DEPLOYMENT_TARGET = 16.0;
				LD_RUNPATH_SEARCH_PATHS = (
					"$(inherited)",
					"@executable_path/Frameworks",
				);
				MARKETING_VERSION = 1.0;
				PRODUCT_BUNDLE_IDENTIFIER = com.todo.list.test.zaits;
				PRODUCT_NAME = "$(TARGET_NAME)";
				PROVISIONING_PROFILE_SPECIFIER = "";
				SUPPORTED_PLATFORMS = "iphoneos iphonesimulator";
				SUPPORTS_MACCATALYST = NO;
				SUPPORTS_MAC_DESIGNED_FOR_IPHONE_IPAD = NO;
				SUPPORTS_XR_DESIGNED_FOR_IPHONE_IPAD = NO;
				SWIFT_EMIT_LOC_STRINGS = YES;
				SWIFT_VERSION = 5.0;
				TARGETED_DEVICE_FAMILY = 1;
			};
			name = Release;
		};
/* End XCBuildConfiguration section */

/* Begin XCConfigurationList section */
		A5571EFA2CF4A88100191210 /* Build configuration list for PBXProject "ToDoList" */ = {
			isa = XCConfigurationList;
			buildConfigurations = (
				A5571F2A2CF4A88400191210 /* Debug */,
				A5571F2B2CF4A88400191210 /* Release */,
			);
			defaultConfigurationIsVisible = 0;
			defaultConfigurationName = Release;
		};
		A5571F2C2CF4A88400191210 /* Build configuration list for PBXNativeTarget "ToDoList" */ = {
			isa = XCConfigurationList;
			buildConfigurations = (
				A5571F2D2CF4A88400191210 /* Debug */,
				A5571F2E2CF4A88400191210 /* Release */,
			);
			defaultConfigurationIsVisible = 0;
			defaultConfigurationName = Release;
		};
/* End XCConfigurationList section */

/* Begin XCRemoteSwiftPackageReference section */
		79880DB82D067AAF002B418A /* XCRemoteSwiftPackageReference "SnapKit" */ = {
			isa = XCRemoteSwiftPackageReference;
			repositoryURL = "https://github.com/SnapKit/SnapKit.git";
			requirement = {
				kind = upToNextMajorVersion;
				minimumVersion = 5.7.1;
			};
		};
/* End XCRemoteSwiftPackageReference section */

/* Begin XCSwiftPackageProductDependency section */
		79880DB92D067AAF002B418A /* SnapKit */ = {
			isa = XCSwiftPackageProductDependency;
			package = 79880DB82D067AAF002B418A /* XCRemoteSwiftPackageReference "SnapKit" */;
			productName = SnapKit;
		};
/* End XCSwiftPackageProductDependency section */

/* Begin XCVersionGroup section */
		A5571F0B2CF4A88100191210 /* ToDoList.xcdatamodeld */ = {
			isa = XCVersionGroup;
			children = (
				A5571F0C2CF4A88100191210 /* ToDoList.xcdatamodel */,
			);
			currentVersion = A5571F0C2CF4A88100191210 /* ToDoList.xcdatamodel */;
			path = ToDoList.xcdatamodeld;
			sourceTree = "<group>";
			versionGroupType = wrapper.xcdatamodel;
		};
/* End XCVersionGroup section */
	};
	rootObject = A5571EF72CF4A88100191210 /* Project object */;
}
